
Microsoft Visual Studio Solution File, Format Version 12.00
# Visual Studio Version 16
VisualStudioVersion = 25.0.1704.5
MinimumVisualStudioVersion = 10.0.40219.1
Project("{FAE04EC0-301F-11D3-BF4B-00C04F79EFBC}") = "Unit_test_frameworks_Task", "Unit_test_frameworks_Task\Unit_test_frameworks_Task.csproj", "{643360E0-66E5-4EE6-B360-B71BC711F794}"
EndProject
Project("{FAE04EC0-301F-11D3-BF4B-00C04F79EFBC}") = "UNit_Test", "UNit\UNit_Test.csproj", "{DFD212A6-2D55-4527-BB6C-941C53F8395D}"
EndProject
Global
	GlobalSection(SolutionConfigurationPlatforms) = preSolution
		Debug|Any CPU = Debug|Any CPU
		Release|Any CPU = Release|Any CPU
	EndGlobalSection
	GlobalSection(ProjectConfigurationPlatforms) = postSolution
		{643360E0-66E5-4EE6-B360-B71BC711F794}.Debug|Any CPU.ActiveCfg = Debug|Any CPU
		{643360E0-66E5-4EE6-B360-B71BC711F794}.Debug|Any CPU.Build.0 = Debug|Any CPU
		{643360E0-66E5-4EE6-B360-B71BC711F794}.Release|Any CPU.ActiveCfg = Release|Any CPU
		{643360E0-66E5-4EE6-B360-B71BC711F794}.Release|Any CPU.Build.0 = Release|Any CPU
		{DFD212A6-2D55-4527-BB6C-941C53F8395D}.Debug|Any CPU.ActiveCfg = Debug|Any CPU
		{DFD212A6-2D55-4527-BB6C-941C53F8395D}.Debug|Any CPU.Build.0 = Debug|Any CPU
		{DFD212A6-2D55-4527-BB6C-941C53F8395D}.Release|Any CPU.ActiveCfg = Release|Any CPU
		{DFD212A6-2D55-4527-BB6C-941C53F8395D}.Release|Any CPU.Build.0 = Release|Any CPU
	EndGlobalSection
	GlobalSection(SolutionProperties) = preSolution
		HideSolutionNode = FALSE
	EndGlobalSection
	GlobalSection(ExtensibilityGlobals) = postSolution
		SolutionGuid = {72DBF4AE-5F72-494D-82E4-008B9B43F403}
	EndGlobalSection
EndGlobal
