
Microsoft Visual Studio Solution File, Format Version 12.00
# Visual Studio Version 16
VisualStudioVersion = 25.0.1704.5
MinimumVisualStudioVersion = 10.0.40219.1
Project("{FAE04EC0-301F-11D3-BF4B-00C04F79EFBC}") = "OOP_Task", "OOP_Task\OOP_Task.csproj", "{8FB60CD1-06AE-4E07-BBE7-706D3B0A1D67}"
EndProject
Global
	GlobalSection(SolutionConfigurationPlatforms) = preSolution
		Debug|Any CPU = Debug|Any CPU
		Release|Any CPU = Release|Any CPU
	EndGlobalSection
	GlobalSection(ProjectConfigurationPlatforms) = postSolution
		{8FB60CD1-06AE-4E07-BBE7-706D3B0A1D67}.Debug|Any CPU.ActiveCfg = Debug|Any CPU
		{8FB60CD1-06AE-4E07-BBE7-706D3B0A1D67}.Debug|Any CPU.Build.0 = Debug|Any CPU
		{8FB60CD1-06AE-4E07-BBE7-706D3B0A1D67}.Release|Any CPU.ActiveCfg = Release|Any CPU
		{8FB60CD1-06AE-4E07-BBE7-706D3B0A1D67}.Release|Any CPU.Build.0 = Release|Any CPU
	EndGlobalSection
	GlobalSection(SolutionProperties) = preSolution
		HideSolutionNode = FALSE
	EndGlobalSection
	GlobalSection(ExtensibilityGlobals) = postSolution
		SolutionGuid = {1141CF6D-660A-494B-89D4-F969C8B5E467}
	EndGlobalSection
EndGlobal
